
Microsoft Visual Studio Solution File, Format Version 12.00
# Visual Studio Version 16
VisualStudioVersion = 16.0.30717.126
MinimumVisualStudioVersion = 10.0.40219.1
Project("{FAE04EC0-301F-11D3-BF4B-00C04F79EFBC}") = "WebApplicationSitee", "WebApplicationSitee\WebApplicationSitee.csproj", "{DD052CDB-5D6F-4E24-9EC2-4842DC8C0DFF}"
EndProject
Global
	GlobalSection(SolutionConfigurationPlatforms) = preSolution
		Debug|Any CPU = Debug|Any CPU
		Release|Any CPU = Release|Any CPU
	EndGlobalSection
	GlobalSection(ProjectConfigurationPlatforms) = postSolution
		{DD052CDB-5D6F-4E24-9EC2-4842DC8C0DFF}.Debug|Any CPU.ActiveCfg = Debug|Any CPU
		{DD052CDB-5D6F-4E24-9EC2-4842DC8C0DFF}.Debug|Any CPU.Build.0 = Debug|Any CPU
		{DD052CDB-5D6F-4E24-9EC2-4842DC8C0DFF}.Release|Any CPU.ActiveCfg = Release|Any CPU
		{DD052CDB-5D6F-4E24-9EC2-4842DC8C0DFF}.Release|Any CPU.Build.0 = Release|Any CPU
	EndGlobalSection
	GlobalSection(SolutionProperties) = preSolution
		HideSolutionNode = FALSE
	EndGlobalSection
	GlobalSection(ExtensibilityGlobals) = postSolution
		SolutionGuid = {634D2A79-1386-4449-82E1-A3078165E5B1}
	EndGlobalSection
EndGlobal
